
Microsoft Visual Studio Solution File, Format Version 12.00
# Visual Studio Version 16
VisualStudioVersion = 16.0.30406.217
MinimumVisualStudioVersion = 10.0.40219.1
Project("{FAE04EC0-301F-11D3-BF4B-00C04F79EFBC}") = "test3", "test3.csproj", "{05111A68-E734-42D8-9ABB-9B4134A08A92}"
EndProject
Global
	GlobalSection(SolutionConfigurationPlatforms) = preSolution
		Debug|Any CPU = Debug|Any CPU
		Release|Any CPU = Release|Any CPU
	EndGlobalSection
	GlobalSection(ProjectConfigurationPlatforms) = postSolution
		{05111A68-E734-42D8-9ABB-9B4134A08A92}.Debug|Any CPU.ActiveCfg = Debug|Any CPU
		{05111A68-E734-42D8-9ABB-9B4134A08A92}.Debug|Any CPU.Build.0 = Debug|Any CPU
		{05111A68-E734-42D8-9ABB-9B4134A08A92}.Release|Any CPU.ActiveCfg = Release|Any CPU
		{05111A68-E734-42D8-9ABB-9B4134A08A92}.Release|Any CPU.Build.0 = Release|Any CPU
	EndGlobalSection
	GlobalSection(SolutionProperties) = preSolution
		HideSolutionNode = FALSE
	EndGlobalSection
	GlobalSection(ExtensibilityGlobals) = postSolution
		SolutionGuid = {3A7D9F06-8A38-42C5-8C2F-9362F886B6A8}
	EndGlobalSection
EndGlobal
